{
  "name": "wasm-swarm-coordinator-examples",
  "version": "1.0.0",
  "lockfileVersion": 3,
  "requires": true,
  "packages": {
    "": {
      "name": "wasm-swarm-coordinator-examples",
      "version": "1.0.0",
      "dependencies": {
        "wasm-swarm-coordinator": "file:../pkg/nodejs"
      }
    },
    "../pkg/nodejs": {
      "name": "wasm-swarm-coordinator",
      "version": "0.1.0"
    },
    "node_modules/wasm-swarm-coordinator": {
      "resolved": "../pkg/nodejs",
      "link": true
    }
  }
}
